
Microsoft Visual Studio Solution File, Format Version 12.00
# Visual Studio Version 17
VisualStudioVersion = 17.1.32421.90
MinimumVisualStudioVersion = 10.0.40219.1
Project("{9A19103F-16F7-4668-BE54-9A1E7A4F7556}") = "ContactBooks.APITests", "ContactBooks.APITests\ContactBooks.APITests.csproj", "{08DC6C1E-F5EE-4094-B934-DEC0E0CC5C6A}"
EndProject
Project("{9A19103F-16F7-4668-BE54-9A1E7A4F7556}") = "ContactBook.WebDriverTests", "ContactBook.WebDriverTests\ContactBook.WebDriverTests.csproj", "{FEAE2643-C055-4A4E-8C47-78F8BE2E52AF}"
EndProject
Project("{FAE04EC0-301F-11D3-BF4B-00C04F79EFBC}") = "ContactBook.DesktopClientTests", "ContactBook.DesktopClientTests\ContactBook.DesktopClientTests.csproj", "{28BFABF8-B489-42FB-898C-10BC890821CC}"
EndProject
Global
	GlobalSection(SolutionConfigurationPlatforms) = preSolution
		Debug|Any CPU = Debug|Any CPU
		Release|Any CPU = Release|Any CPU
	EndGlobalSection
	GlobalSection(ProjectConfigurationPlatforms) = postSolution
		{08DC6C1E-F5EE-4094-B934-DEC0E0CC5C6A}.Debug|Any CPU.ActiveCfg = Debug|Any CPU
		{08DC6C1E-F5EE-4094-B934-DEC0E0CC5C6A}.Debug|Any CPU.Build.0 = Debug|Any CPU
		{08DC6C1E-F5EE-4094-B934-DEC0E0CC5C6A}.Release|Any CPU.ActiveCfg = Release|Any CPU
		{08DC6C1E-F5EE-4094-B934-DEC0E0CC5C6A}.Release|Any CPU.Build.0 = Release|Any CPU
		{FEAE2643-C055-4A4E-8C47-78F8BE2E52AF}.Debug|Any CPU.ActiveCfg = Debug|Any CPU
		{FEAE2643-C055-4A4E-8C47-78F8BE2E52AF}.Debug|Any CPU.Build.0 = Debug|Any CPU
		{FEAE2643-C055-4A4E-8C47-78F8BE2E52AF}.Release|Any CPU.ActiveCfg = Release|Any CPU
		{FEAE2643-C055-4A4E-8C47-78F8BE2E52AF}.Release|Any CPU.Build.0 = Release|Any CPU
		{28BFABF8-B489-42FB-898C-10BC890821CC}.Debug|Any CPU.ActiveCfg = Debug|Any CPU
		{28BFABF8-B489-42FB-898C-10BC890821CC}.Debug|Any CPU.Build.0 = Debug|Any CPU
		{28BFABF8-B489-42FB-898C-10BC890821CC}.Release|Any CPU.ActiveCfg = Release|Any CPU
		{28BFABF8-B489-42FB-898C-10BC890821CC}.Release|Any CPU.Build.0 = Release|Any CPU
	EndGlobalSection
	GlobalSection(SolutionProperties) = preSolution
		HideSolutionNode = FALSE
	EndGlobalSection
	GlobalSection(ExtensibilityGlobals) = postSolution
		SolutionGuid = {396A397B-7F4D-475B-811F-D8221A1E3911}
	EndGlobalSection
EndGlobal
